
Microsoft Visual Studio Solution File, Format Version 12.00
# Visual Studio Version 17
VisualStudioVersion = 17.2.32616.157
MinimumVisualStudioVersion = 10.0.40219.1
Project("{FAE04EC0-301F-11D3-BF4B-00C04F79EFBC}") = "DiscrodStayOnline", "DiscrodStayOnline\DiscrodStayOnline.csproj", "{C5EB62AC-FC45-4793-8221-31EA8726B44E}"
EndProject
Global
	GlobalSection(SolutionConfigurationPlatforms) = preSolution
		Debug|Any CPU = Debug|Any CPU
		Release|Any CPU = Release|Any CPU
	EndGlobalSection
	GlobalSection(ProjectConfigurationPlatforms) = postSolution
		{C5EB62AC-FC45-4793-8221-31EA8726B44E}.Debug|Any CPU.ActiveCfg = Debug|Any CPU
		{C5EB62AC-FC45-4793-8221-31EA8726B44E}.Debug|Any CPU.Build.0 = Debug|Any CPU
		{C5EB62AC-FC45-4793-8221-31EA8726B44E}.Release|Any CPU.ActiveCfg = Release|Any CPU
		{C5EB62AC-FC45-4793-8221-31EA8726B44E}.Release|Any CPU.Build.0 = Release|Any CPU
	EndGlobalSection
	GlobalSection(SolutionProperties) = preSolution
		HideSolutionNode = FALSE
	EndGlobalSection
	GlobalSection(ExtensibilityGlobals) = postSolution
		SolutionGuid = {C1076B54-0BA8-4D6A-9571-38A5B7811814}
	EndGlobalSection
EndGlobal
