
Microsoft Visual Studio Solution File, Format Version 12.00
# Visual Studio Version 17
VisualStudioVersion = 17.5.33502.453
MinimumVisualStudioVersion = 10.0.40219.1
Project("{FAE04EC0-301F-11D3-BF4B-00C04F79EFBC}") = "ReplacesCreatorDb", "ReplacesCreatorDb\ReplacesCreatorDb.csproj", "{E651DBF1-4C2E-4C95-85C5-0DC6A97657B4}"
EndProject
Global
	GlobalSection(SolutionConfigurationPlatforms) = preSolution
		Debug|Any CPU = Debug|Any CPU
		Release|Any CPU = Release|Any CPU
	EndGlobalSection
	GlobalSection(ProjectConfigurationPlatforms) = postSolution
		{E651DBF1-4C2E-4C95-85C5-0DC6A97657B4}.Debug|Any CPU.ActiveCfg = Debug|Any CPU
		{E651DBF1-4C2E-4C95-85C5-0DC6A97657B4}.Debug|Any CPU.Build.0 = Debug|Any CPU
		{E651DBF1-4C2E-4C95-85C5-0DC6A97657B4}.Release|Any CPU.ActiveCfg = Release|Any CPU
		{E651DBF1-4C2E-4C95-85C5-0DC6A97657B4}.Release|Any CPU.Build.0 = Release|Any CPU
	EndGlobalSection
	GlobalSection(SolutionProperties) = preSolution
		HideSolutionNode = FALSE
	EndGlobalSection
	GlobalSection(ExtensibilityGlobals) = postSolution
		SolutionGuid = {B3E49B43-49B5-4AA4-B1B6-F04B8BB754D0}
	EndGlobalSection
EndGlobal
